
Microsoft Visual Studio Solution File, Format Version 12.00
# Visual Studio 15
VisualStudioVersion = 15.0.28307.421
MinimumVisualStudioVersion = 10.0.40219.1
Project("{FAE04EC0-301F-11D3-BF4B-00C04F79EFBC}") = "Home.work.2", "Home.work.2\Home.work.2.csproj", "{01460E9A-5C17-4AD0-B865-EDB9A34760D6}"
EndProject
Global
	GlobalSection(SolutionConfigurationPlatforms) = preSolution
		Debug|Any CPU = Debug|Any CPU
		Release|Any CPU = Release|Any CPU
	EndGlobalSection
	GlobalSection(ProjectConfigurationPlatforms) = postSolution
		{01460E9A-5C17-4AD0-B865-EDB9A34760D6}.Debug|Any CPU.ActiveCfg = Debug|Any CPU
		{01460E9A-5C17-4AD0-B865-EDB9A34760D6}.Debug|Any CPU.Build.0 = Debug|Any CPU
		{01460E9A-5C17-4AD0-B865-EDB9A34760D6}.Release|Any CPU.ActiveCfg = Release|Any CPU
		{01460E9A-5C17-4AD0-B865-EDB9A34760D6}.Release|Any CPU.Build.0 = Release|Any CPU
	EndGlobalSection
	GlobalSection(SolutionProperties) = preSolution
		HideSolutionNode = FALSE
	EndGlobalSection
	GlobalSection(ExtensibilityGlobals) = postSolution
		SolutionGuid = {7D59B5AB-628F-4AB1-8261-212F43AF16B7}
	EndGlobalSection
EndGlobal
