
Microsoft Visual Studio Solution File, Format Version 12.00
# Visual Studio 15
VisualStudioVersion = 15.0.28307.421
MinimumVisualStudioVersion = 10.0.40219.1
Project("{FAE04EC0-301F-11D3-BF4B-00C04F79EFBC}") = "Home.work.3", "Home.work.3\Home.work.3.csproj", "{A1F4D7B7-5173-4298-96C8-7BD59F2DEC22}"
EndProject
Global
	GlobalSection(SolutionConfigurationPlatforms) = preSolution
		Debug|Any CPU = Debug|Any CPU
		Release|Any CPU = Release|Any CPU
	EndGlobalSection
	GlobalSection(ProjectConfigurationPlatforms) = postSolution
		{A1F4D7B7-5173-4298-96C8-7BD59F2DEC22}.Debug|Any CPU.ActiveCfg = Debug|Any CPU
		{A1F4D7B7-5173-4298-96C8-7BD59F2DEC22}.Debug|Any CPU.Build.0 = Debug|Any CPU
		{A1F4D7B7-5173-4298-96C8-7BD59F2DEC22}.Release|Any CPU.ActiveCfg = Release|Any CPU
		{A1F4D7B7-5173-4298-96C8-7BD59F2DEC22}.Release|Any CPU.Build.0 = Release|Any CPU
	EndGlobalSection
	GlobalSection(SolutionProperties) = preSolution
		HideSolutionNode = FALSE
	EndGlobalSection
	GlobalSection(ExtensibilityGlobals) = postSolution
		SolutionGuid = {02F742A2-74AB-4F4D-B8EF-55DCF1C177AF}
	EndGlobalSection
EndGlobal
